
Microsoft Visual Studio Solution File, Format Version 12.00
Project("{FAE04EC0-301F-11D3-BF4B-00C04F79EFBC}") = "Ecommerce", "Ecommerce\Ecommerce.csproj", "{A3ADA7D2-0668-4624-BFF5-0AC22E95C784}"
EndProject
Global
	GlobalSection(SolutionConfigurationPlatforms) = preSolution
		Debug|Any CPU = Debug|Any CPU
		Release|Any CPU = Release|Any CPU
	EndGlobalSection
	GlobalSection(ProjectConfigurationPlatforms) = postSolution
		{A3ADA7D2-0668-4624-BFF5-0AC22E95C784}.Debug|Any CPU.ActiveCfg = Debug|Any CPU
		{A3ADA7D2-0668-4624-BFF5-0AC22E95C784}.Debug|Any CPU.Build.0 = Debug|Any CPU
		{A3ADA7D2-0668-4624-BFF5-0AC22E95C784}.Release|Any CPU.ActiveCfg = Release|Any CPU
		{A3ADA7D2-0668-4624-BFF5-0AC22E95C784}.Release|Any CPU.Build.0 = Release|Any CPU
	EndGlobalSection
EndGlobal
